# auto-generated by grc.converter

id: lilacsat_print_to_file_b
label: Print to File
category: LilacSat

parameters:
-   id: path
    label: Path
    dtype: string
-   id: format
    label: Format
    dtype: raw

inputs:
-   domain: stream
    dtype: byte

templates:
    imports: import lilacsat
    make: lilacsat.print_to_file_b(${path}, ${format})

file_format: 1
