# auto-generated by grc.converter

id: lilacsat_codec2_decode_bf
label: Codec2 Decode BF
category: LilacSat

parameters:
-   id: mode
    label: Mode
    dtype: int

inputs:
-   domain: stream
    dtype: byte
    vlen: 8

outputs:
-   domain: stream
    dtype: float

templates:
    imports: import lilacsat
    make: lilacsat.codec2_decode_bf(${mode})

file_format: 1
