# auto-generated by grc.converter

id: lilacsat_lilacsat1_frame_depack
label: LilacSat-1 Frame Depack
category: LilacSat

inputs:
-   domain: message
    id: in

outputs:
-   domain: stream
    dtype: byte
    vlen: 8
-   domain: message
    id: out

templates:
    imports: import lilacsat
    make: lilacsat.lilacsat1_frame_depack()

file_format: 1
