# auto-generated by grc.converter

id: lilacsat_sync_det_b
label: Sync Det
category: LilacSat

parameters:
-   id: sync_word
    label: Sync Word
    dtype: raw
-   id: len
    label: Frame Length
    dtype: int
-   id: nrz
    label: NRZ
    dtype: bool
    options: ['True', 'False']
    option_labels: ['On', 'Off']
-   id: descrambling
    label: Descrambling
    dtype: bool
    options: ['True', 'False']
    option_labels: ['On', 'Off']

inputs:
-   domain: stream
    dtype: byte

outputs:
-   domain: message
    id: out

templates:
    imports: import lilacsat
    make: lilacsat.sync_det_b(${sync_word}, ${len}, ${nrz}, ${descrambling})

file_format: 1
