# auto-generated by grc.converter

id: lilacsat_serial_sink_pdu
label: Serial Sink PDU
category: LilacSat

parameters:
-   id: path
    label: Path
    dtype: string
    default: /dev/ttyUSB0
-   id: baudrate
    label: Baud Rate
    dtype: int
    default: '9600'
-   id: debug
    label: Debug
    dtype: bool
    default: 'True'
    options: ['True', 'False']
    option_labels: ['On', 'Off']

inputs:
-   domain: message
    id: in

templates:
    imports: import lilacsat
    make: lilacsat.serial_sink_pdu(${path}, ${baudrate}, ${debug})

file_format: 1
