# auto-generated by grc.converter

id: lilacsat_afsk1200_tx_f
label: AFSK1200 TX
category: LilacSat

parameters:
-   id: destination
    label: Destination
    dtype: string
    default: BY2HIT
-   id: source
    label: Source
    dtype: string
    default: BG2BHC
-   id: repeater1
    label: Repeater1
    dtype: string
-   id: repeater2
    label: Repeater2
    dtype: string
-   id: padding_zero
    label: Padding Zero
    dtype: bool
    default: 'False'
    options: ['True', 'False']
    option_labels: ['On', 'Off']
    hide: ${ ('part' if str(padding_zero) == 'False' else 'none') }

inputs:
-   domain: message
    id: in

outputs:
-   domain: stream
    dtype: float
-   domain: message
    id: ptt
    optional: true

templates:
    imports: import lilacsat
    make: lilacsat.afsk1200_tx_f(${destination}, ${source}, ${repeater1}, ${repeater2},
        ${padding_zero})

file_format: 1
