# auto-generated by grc.converter

id: lilacsat_fec_encode_b
label: FEC Encode
category: LilacSat

parameters:
-   id: frame_len
    label: Frame Length
    dtype: int
    default: '114'
-   id: preamble_len
    label: Preamble Length
    dtype: int
    default: '300'
-   id: trailer_len
    label: Trailer Length
    dtype: int
    default: '100'
-   id: continous
    label: Continous
    dtype: bool
    default: 'True'
    options: ['True', 'False']
    option_labels: ['On', 'Off']
-   id: padding_zero
    label: Padding Zero
    dtype: bool
    default: 'False'
    options: ['True', 'False']
    option_labels: ['On', 'Off']
-   id: using_m
    label: Use M Code
    dtype: bool
    default: 'True'
    options: ['True', 'False']
    option_labels: ['On', 'Off']
-   id: using_convolutional_code
    label: Use Convolutional Code
    dtype: bool
    default: 'True'
    options: ['True', 'False']
    option_labels: ['On', 'Off']

inputs:
-   domain: message
    id: in

outputs:
-   domain: stream
    dtype: byte
-   domain: message
    id: ptt
    optional: true

templates:
    imports: import lilacsat
    make: lilacsat.fec_encode_b(${frame_len}, ${preamble_len}, ${trailer_len}, ${continous},
        ${padding_zero}, ${using_m}, ${using_convolutional_code})

file_format: 1
