# auto-generated by grc.converter

id: lilacsat_plan13_cc
label: Plan13 CC
category: LilacSat

parameters:
-   id: enable
    label: Enable
    dtype: bool
    default: 'True'
    options: ['True', 'False']
    option_labels: ['On', 'Off']
-   id: tle1
    label: TLE (Line 1)
    dtype: string
-   id: tle2
    label: TLE (Line 2)
    dtype: string
-   id: lon
    label: Longtitude
    dtype: float
-   id: lat
    label: Latitude
    dtype: float
-   id: height
    label: Height (m)
    dtype: float
-   id: fc
    label: Center Frequency (Hz)
    dtype: float
-   id: samp_rate
    label: Sample Rate (Hz)
    dtype: float
-   id: txrx
    label: TXRX
    dtype: bool
    default: 'False'
    options: ['True', 'False']
    option_labels: [TX, RX]
-   id: verbose
    label: Verbose
    dtype: bool
    default: 'False'
    options: ['True', 'False']
    option_labels: ['On', 'Off']

inputs:
-   domain: stream
    dtype: complex

outputs:
-   domain: stream
    dtype: complex
-   domain: message
    id: freq
    optional: true
-   domain: message
    id: rotator
    optional: true

templates:
    imports: import lilacsat
    make: lilacsat.plan13_cc(${enable}, ${tle1}, ${tle2}, ${lon}, ${lat}, ${height},
        ${fc}, ${samp_rate}, ${txrx}, ${verbose})

file_format: 1
