# auto-generated by grc.converter

id: lilacsat_two_bit_dpd_precoder
label: Two-bit DPD Precoder
category: '[LILACSAT]'

parameters:
-   id: init_value
    label: Init Value
    dtype: bool
    default: 'True'
    options: ['True', 'False']
    option_labels: ['1', '0']

inputs:
-   domain: message
    id: in

outputs:
-   domain: message
    id: out

templates:
    imports: import lilacsat
    make: lilacsat.two_bit_dpd_precoder(${init_value})

file_format: 1
