# auto-generated by grc.converter

id: lilacsat_pipe_sink_pdu
label: Pipe Sink PDU
category: LilacSat

parameters:
-   id: label
    label: Label
    dtype: string
-   id: path
    label: Path
    dtype: string
-   id: permission
    label: Permission
    dtype: int
-   id: debug
    label: Debug
    dtype: bool
    default: 'True'
    options: ['True', 'False']
    option_labels: ['On', 'Off']

inputs:
-   domain: message
    id: in

templates:
    imports: import lilacsat
    make: lilacsat.pipe_sink_pdu(${label}, ${path}, ${permission}, ${debug})

file_format: 1
