# auto-generated by grc.converter

id: lilacsat_attach_preamble_and_tailer
label: Attach Preamble and Tailer
category: '[LILACSAT]'

parameters:
-   id: len_preamble
    label: Preamble Length
    dtype: int
-   id: len_tailer
    label: Tailer Length
    dtype: int
-   id: padding_type
    label: Padding Type
    dtype: bool
    options: ['True', 'False']
    option_labels: ['1', '0']

inputs:
-   domain: message
    id: in

outputs:
-   domain: message
    id: out

templates:
    imports: import lilacsat
    make: lilacsat.attach_preamble_and_tailer(${len_preamble}, ${len_tailer}, ${padding_type})

file_format: 1
