# auto-generated by grc.converter

id: lilacsat_fec_decode_b
label: FEC Decode
category: LilacSat

parameters:
-   id: frame_len
    label: Frame Length
    dtype: int
    default: '114'
-   id: using_m
    label: Use M Code
    dtype: bool
    default: 'True'
    options: ['True', 'False']
    option_labels: ['On', 'Off']
-   id: using_convolutional_code
    label: Use Convolutional Code
    dtype: bool
    default: 'True'
    options: ['True', 'False']
    option_labels: ['On', 'Off']
-   id: pass_all
    label: Pass All
    dtype: bool
    default: 'False'
    options: ['True', 'False']
    option_labels: ['On', 'Off']
    hide: ${ ('part' if str(pass_all) == 'False' else 'none') }

inputs:
-   domain: stream
    dtype: byte

outputs:
-   domain: message
    id: out

templates:
    imports: import lilacsat
    make: lilacsat.fec_decode_b(${frame_len}, ${using_m}, ${using_convolutional_code},
        ${pass_all})

file_format: 1
