# auto-generated by grc.converter

id: lilacsat_satellite_channel_cc
label: Satellite Channel
category: LilacSat

parameters:
-   id: r_semi_long_axis
    label: Semi Long Axis
    dtype: float
    default: 6902e3
-   id: alpha_aos
    label: AOS Angle
    dtype: float
    default: '5'
-   id: fc
    label: Center Frequency
    dtype: float
    default: 437.2125e6
-   id: samp_rate
    label: Sample Rate
    dtype: float
    default: 96e3
-   id: d0
    label: Distance at 0 dB Loss
    dtype: float
    default: 524e3
-   id: doppler
    label: Doppler
    dtype: bool
    default: 'True'
    options: ['True', 'False']
    option_labels: ['On', 'Off']
-   id: link_loss
    label: Link Loss
    dtype: bool
    default: 'True'
    options: ['True', 'False']
    option_labels: ['On', 'Off']
-   id: verbose
    label: Verbose
    dtype: bool
    default: 'True'
    options: ['True', 'False']
    option_labels: ['On', 'Off']

inputs:
-   domain: stream
    dtype: complex

outputs:
-   domain: stream
    dtype: complex

templates:
    imports: import lilacsat
    make: lilacsat.satellite_channel_cc(${r_semi_long_axis}, ${alpha_aos}, ${fc},
        ${samp_rate}, ${d0}, ${doppler}, ${link_loss}, ${verbose})

file_format: 1
